{
  "name": "iba-cocktails",
  "version": "1.0.0",
  "lockfileVersion": 1,
  "requires": true,
  "dependencies": {
    "lodash": {
      "version": "https://registry.npmjs.org/lodash/-/lodash-4.17.4.tgz",
      "integrity": "sha1-eCA6TRwyiuHYbcpkYONptX9AVa4="
    },
    "remove-accents-diacritics": {
      "version": "1.0.2",
      "resolved": "https://registry.npmjs.org/remove-accents-diacritics/-/remove-accents-diacritics-1.0.2.tgz",
      "integrity": "sha1-Na7hB31qnVAKkbUjvWsMwbxOXeE="
    }
  }
}
